<?xml version="1.0" encoding="utf-8"?>
<Project ToolsVersion="4.0" xmlns="http://schemas.microsoft.com/developer/msbuild/2003">
  <ItemGroup>
    <Filter Include="Source Files">
      <UniqueIdentifier>{4FC737F1-C7A5-4376-A066-2A32D752A2FF}</UniqueIdentifier>
      <Extensions>cpp;c;cc;cxx;def;odl;idl;hpj;bat;asm;asmx</Extensions>
    </Filter>
    <Filter Include="Header Files">
      <UniqueIdentifier>{93995380-89BD-4b04-88EB-625FBE52EBFB}</UniqueIdentifier>
      <Extensions>h;hh;hpp;hxx;hm;inl;inc;xsd</Extensions>
    </Filter>
    <Filter Include="SKSE">
      <UniqueIdentifier>{c224d8c5-5761-473f-948f-0356ec57b278}</UniqueIdentifier>
    </Filter>
  </ItemGroup>
  <ItemGroup>
    <ClInclude Include="Interfaces.h">
      <Filter>Header Files</Filter>
    </ClInclude>
    <ClInclude Include="..\skse64\GameAPI.h">
      <Filter>SKSE</Filter>
    </ClInclude>
    <ClInclude Include="..\skse64\PluginAPI.h">
      <Filter>SKSE</Filter>
    </ClInclude>
    <ClInclude Include="QuickLoot.h">
      <Filter>Header Files</Filter>
    </ClInclude>
    <ClInclude Include="..\skse64\GameTypes.h">
      <Filter>SKSE</Filter>
    </ClInclude>
    <ClInclude Include="GameFunctions.h">
      <Filter>Header Files</Filter>
    </ClInclude>
    <ClInclude Include="ItemData.h">
      <Filter>Header Files</Filter>
    </ClInclude>
    <ClInclude Include="dbg.h">
      <Filter>Header Files</Filter>
    </ClInclude>
  </ItemGroup>
  <ItemGroup>
    <ClCompile Include="dllmain.cpp">
      <Filter>Source Files</Filter>
    </ClCompile>
    <ClCompile Include="..\skse64\GameAPI.cpp">
      <Filter>SKSE</Filter>
    </ClCompile>
    <ClCompile Include="QuickLoot.cpp">
      <Filter>Source Files</Filter>
    </ClCompile>
    <ClCompile Include="..\skse64\GameTypes.cpp">
      <Filter>SKSE</Filter>
    </ClCompile>
    <ClCompile Include="GameFunctions.cpp">
      <Filter>Source Files</Filter>
    </ClCompile>
    <ClCompile Include="ItemData.cpp">
      <Filter>Source Files</Filter>
    </ClCompile>
    <ClCompile Include="..\skse64\GameReferences.cpp">
      <Filter>SKSE</Filter>
    </ClCompile>
    <ClCompile Include="..\skse64\GameExtraData.cpp">
      <Filter>SKSE</Filter>
    </ClCompile>
    <ClCompile Include="..\skse64\GameBSExtraData.cpp">
      <Filter>SKSE</Filter>
    </ClCompile>
    <ClCompile Include="..\skse64\NiNodes.cpp">
      <Filter>SKSE</Filter>
    </ClCompile>
    <ClCompile Include="..\skse64\GameRTTI.cpp">
      <Filter>SKSE</Filter>
    </ClCompile>
    <ClCompile Include="..\skse64\GameForms.cpp">
      <Filter>SKSE</Filter>
    </ClCompile>
    <ClCompile Include="..\skse64\GameData.cpp">
      <Filter>SKSE</Filter>
    </ClCompile>
    <ClCompile Include="..\skse64\HashUtil.cpp">
      <Filter>SKSE</Filter>
    </ClCompile>
    <ClCompile Include="..\skse64\GameFormComponents.cpp">
      <Filter>SKSE</Filter>
    </ClCompile>
  </ItemGroup>
</Project>